// !$*UTF8*$!
{
	archiveVersion = 1;
	classes = {
	};
	objectVersion = 46;
	objects = {

/* Begin PBXBuildFile section */
		D011094C1B0598EE00DAE335 /* main.m in Sources */ = {isa = PBXBuildFile; fileRef = D011094B1B0598EE00DAE335 /* main.m */; };
		D011094F1B0598EE00DAE335 /* AppDelegate.m in Sources */ = {isa = PBXBuildFile; fileRef = D011094E1B0598EE00DAE335 /* AppDelegate.m */; };
		D01109521B0598EE00DAE335 /* ViewController.m in Sources */ = {isa = PBXBuildFile; fileRef = D01109511B0598EE00DAE335 /* ViewController.m */; };
		D01109551B0598EE00DAE335 /* Main.storyboard in Resources */ = {isa = PBXBuildFile; fileRef = D01109531B0598EE00DAE335 /* Main.storyboard */; };
		D01109571B0598EE00DAE335 /* Images.xcassets in Resources */ = {isa = PBXBuildFile; fileRef = D01109561B0598EE00DAE335 /* Images.xcassets */; };
		D011095A1B0598EE00DAE335 /* LaunchScreen.xib in Resources */ = {isa = PBXBuildFile; fileRef = D01109581B0598EE00DAE335 /* LaunchScreen.xib */; };
		D01109661B0598EE00DAE335 /* YBImagePickerTests.m in Sources */ = {isa = PBXBuildFile; fileRef = D01109651B0598EE00DAE335 /* YBImagePickerTests.m */; };
		D0D27D3B1B0C2ABA0021F648 /* YBAlbumViewController.m in Sources */ = {isa = PBXBuildFile; fileRef = D0D27D231B0C2ABA0021F648 /* YBAlbumViewController.m */; };
		D0D27D3C1B0C2ABB0021F648 /* YBAlbumViewController.xib in Resources */ = {isa = PBXBuildFile; fileRef = D0D27D241B0C2ABA0021F648 /* YBAlbumViewController.xib */; };
		D0D27D3D1B0C2ABB0021F648 /* YBImagePickerViewController.m in Sources */ = {isa = PBXBuildFile; fileRef = D0D27D261B0C2ABA0021F648 /* YBImagePickerViewController.m */; };
		D0D27D3E1B0C2ABB0021F648 /* YBOriginalPhotoVC.m in Sources */ = {isa = PBXBuildFile; fileRef = D0D27D281B0C2ABA0021F648 /* YBOriginalPhotoVC.m */; };
		D0D27D3F1B0C2ABB0021F648 /* YBOriginalPhotoVC.xib in Resources */ = {isa = PBXBuildFile; fileRef = D0D27D291B0C2ABA0021F648 /* YBOriginalPhotoVC.xib */; };
		D0D27D401B0C2ABB0021F648 /* YBPhotePickerManager.m in Sources */ = {isa = PBXBuildFile; fileRef = D0D27D2B1B0C2ABA0021F648 /* YBPhotePickerManager.m */; };
		D0D27D411B0C2ABB0021F648 /* YBPhotoListViewController.m in Sources */ = {isa = PBXBuildFile; fileRef = D0D27D2D1B0C2ABA0021F648 /* YBPhotoListViewController.m */; };
		D0D27D421B0C2ABB0021F648 /* YBPhotoListViewController.xib in Resources */ = {isa = PBXBuildFile; fileRef = D0D27D2E1B0C2ABA0021F648 /* YBPhotoListViewController.xib */; };
		D0D27D431B0C2ABB0021F648 /* YBPhotoModel.m in Sources */ = {isa = PBXBuildFile; fileRef = D0D27D301B0C2ABA0021F648 /* YBPhotoModel.m */; };
		D0D27D441B0C2ABB0021F648 /* YBPhotoOriginalCell.m in Sources */ = {isa = PBXBuildFile; fileRef = D0D27D321B0C2ABA0021F648 /* YBPhotoOriginalCell.m */; };
		D0D27D451B0C2ABB0021F648 /* YBPhotoOriginalCell.xib in Resources */ = {isa = PBXBuildFile; fileRef = D0D27D331B0C2ABA0021F648 /* YBPhotoOriginalCell.xib */; };
		D0D27D461B0C2ABB0021F648 /* YBPhotoThumbanilCell.m in Sources */ = {isa = PBXBuildFile; fileRef = D0D27D351B0C2ABA0021F648 /* YBPhotoThumbanilCell.m */; };
		D0D27D471B0C2ABB0021F648 /* YBPhotoThumbanilCell.xib in Resources */ = {isa = PBXBuildFile; fileRef = D0D27D361B0C2ABA0021F648 /* YBPhotoThumbanilCell.xib */; };
		D0D27D481B0C2ABB0021F648 /* YBPhotoThumbnailLayout.m in Sources */ = {isa = PBXBuildFile; fileRef = D0D27D381B0C2ABA0021F648 /* YBPhotoThumbnailLayout.m */; };
		D0D27D491B0C2ABB0021F648 /* YBSeletedPotoNumberLabel.m in Sources */ = {isa = PBXBuildFile; fileRef = D0D27D3A1B0C2ABA0021F648 /* YBSeletedPotoNumberLabel.m */; };
		D0D27D531B0C2B740021F648 /* icon_find_addshare.png in Resources */ = {isa = PBXBuildFile; fileRef = D0D27D4B1B0C2B740021F648 /* icon_find_addshare.png */; };
		D0D27D541B0C2B740021F648 /* icon_find_addshare@1.5x.png in Resources */ = {isa = PBXBuildFile; fileRef = D0D27D4C1B0C2B740021F648 /* icon_find_addshare@1.5x.png */; };
		D0D27D551B0C2B740021F648 /* icon_find_addshare@2x.png in Resources */ = {isa = PBXBuildFile; fileRef = D0D27D4D1B0C2B740021F648 /* icon_find_addshare@2x.png */; };
		D0D27D561B0C2B740021F648 /* icon_find_addshare@3x.png in Resources */ = {isa = PBXBuildFile; fileRef = D0D27D4E1B0C2B740021F648 /* icon_find_addshare@3x.png */; };
		D0D27D571B0C2B740021F648 /* icon_find_addshare_pitch.png in Resources */ = {isa = PBXBuildFile; fileRef = D0D27D4F1B0C2B740021F648 /* icon_find_addshare_pitch.png */; };
		D0D27D581B0C2B740021F648 /* icon_find_addshare_pitch@1.5x.png in Resources */ = {isa = PBXBuildFile; fileRef = D0D27D501B0C2B740021F648 /* icon_find_addshare_pitch@1.5x.png */; };
		D0D27D591B0C2B740021F648 /* icon_find_addshare_pitch@2x.png in Resources */ = {isa = PBXBuildFile; fileRef = D0D27D511B0C2B740021F648 /* icon_find_addshare_pitch@2x.png */; };
		D0D27D5A1B0C2B740021F648 /* icon_find_addshare_pitch@3x.png in Resources */ = {isa = PBXBuildFile; fileRef = D0D27D521B0C2B740021F648 /* icon_find_addshare_pitch@3x.png */; };
		D0E339DF1B0D81A600FFEACB /* UIView+YBImagePickerAnimation.m in Sources */ = {isa = PBXBuildFile; fileRef = D0E339DE1B0D81A600FFEACB /* UIView+YBImagePickerAnimation.m */; };
		D0E339E21B0D847D00FFEACB /* YBSelected_imageView.m in Sources */ = {isa = PBXBuildFile; fileRef = D0E339E11B0D847D00FFEACB /* YBSelected_imageView.m */; };
/* End PBXBuildFile section */

/* Begin PBXContainerItemProxy section */
		D01109601B0598EE00DAE335 /* PBXContainerItemProxy */ = {
			isa = PBXContainerItemProxy;
			containerPortal = D011093E1B0598EE00DAE335 /* Project object */;
			proxyType = 1;
			remoteGlobalIDString = D01109451B0598EE00DAE335;
			remoteInfo = YBImagePicker;
		};
/* End PBXContainerItemProxy section */

/* Begin PBXFileReference section */
		D01109461B0598EE00DAE335 /* YBImagePicker.app */ = {isa = PBXFileReference; explicitFileType = wrapper.application; includeInIndex = 0; path = YBImagePicker.app; sourceTree = BUILT_PRODUCTS_DIR; };
		D011094A1B0598EE00DAE335 /* Info.plist */ = {isa = PBXFileReference; lastKnownFileType = text.plist.xml; path = Info.plist; sourceTree = "<group>"; };
		D011094B1B0598EE00DAE335 /* main.m */ = {isa = PBXFileReference; lastKnownFileType = sourcecode.c.objc; path = main.m; sourceTree = "<group>"; };
		D011094D1B0598EE00DAE335 /* AppDelegate.h */ = {isa = PBXFileReference; lastKnownFileType = sourcecode.c.h; path = AppDelegate.h; sourceTree = "<group>"; };
		D011094E1B0598EE00DAE335 /* AppDelegate.m */ = {isa = PBXFileReference; lastKnownFileType = sourcecode.c.objc; path = AppDelegate.m; sourceTree = "<group>"; };
		D01109501B0598EE00DAE335 /* ViewController.h */ = {isa = PBXFileReference; lastKnownFileType = sourcecode.c.h; path = ViewController.h; sourceTree = "<group>"; };
		D01109511B0598EE00DAE335 /* ViewController.m */ = {isa = PBXFileReference; lastKnownFileType = sourcecode.c.objc; path = ViewController.m; sourceTree = "<group>"; };
		D01109541B0598EE00DAE335 /* Base */ = {isa = PBXFileReference; lastKnownFileType = file.storyboard; name = Base; path = Base.lproj/Main.storyboard; sourceTree = "<group>"; };
		D01109561B0598EE00DAE335 /* Images.xcassets */ = {isa = PBXFileReference; lastKnownFileType = folder.assetcatalog; path = Images.xcassets; sourceTree = "<group>"; };
		D01109591B0598EE00DAE335 /* Base */ = {isa = PBXFileReference; lastKnownFileType = file.xib; name = Base; path = Base.lproj/LaunchScreen.xib; sourceTree = "<group>"; };
		D011095F1B0598EE00DAE335 /* YBImagePickerTests.xctest */ = {isa = PBXFileReference; explicitFileType = wrapper.cfbundle; includeInIndex = 0; path = YBImagePickerTests.xctest; sourceTree = BUILT_PRODUCTS_DIR; };
		D01109641B0598EE00DAE335 /* Info.plist */ = {isa = PBXFileReference; lastKnownFileType = text.plist.xml; path = Info.plist; sourceTree = "<group>"; };
		D01109651B0598EE00DAE335 /* YBImagePickerTests.m */ = {isa = PBXFileReference; lastKnownFileType = sourcecode.c.objc; path = YBImagePickerTests.m; sourceTree = "<group>"; };
		D0D27D211B0C2ABA0021F648 /* OMSingleton.h */ = {isa = PBXFileReference; fileEncoding = 4; lastKnownFileType = sourcecode.c.h; path = OMSingleton.h; sourceTree = "<group>"; };
		D0D27D221B0C2ABA0021F648 /* YBAlbumViewController.h */ = {isa = PBXFileReference; fileEncoding = 4; lastKnownFileType = sourcecode.c.h; path = YBAlbumViewController.h; sourceTree = "<group>"; };
		D0D27D231B0C2ABA0021F648 /* YBAlbumViewController.m */ = {isa = PBXFileReference; fileEncoding = 4; lastKnownFileType = sourcecode.c.objc; path = YBAlbumViewController.m; sourceTree = "<group>"; };
		D0D27D241B0C2ABA0021F648 /* YBAlbumViewController.xib */ = {isa = PBXFileReference; fileEncoding = 4; lastKnownFileType = file.xib; path = YBAlbumViewController.xib; sourceTree = "<group>"; };
		D0D27D251B0C2ABA0021F648 /* YBImagePickerViewController.h */ = {isa = PBXFileReference; fileEncoding = 4; lastKnownFileType = sourcecode.c.h; path = YBImagePickerViewController.h; sourceTree = "<group>"; };
		D0D27D261B0C2ABA0021F648 /* YBImagePickerViewController.m */ = {isa = PBXFileReference; fileEncoding = 4; lastKnownFileType = sourcecode.c.objc; path = YBImagePickerViewController.m; sourceTree = "<group>"; };
		D0D27D271B0C2ABA0021F648 /* YBOriginalPhotoVC.h */ = {isa = PBXFileReference; fileEncoding = 4; lastKnownFileType = sourcecode.c.h; path = YBOriginalPhotoVC.h; sourceTree = "<group>"; };
		D0D27D281B0C2ABA0021F648 /* YBOriginalPhotoVC.m */ = {isa = PBXFileReference; fileEncoding = 4; lastKnownFileType = sourcecode.c.objc; path = YBOriginalPhotoVC.m; sourceTree = "<group>"; };
		D0D27D291B0C2ABA0021F648 /* YBOriginalPhotoVC.xib */ = {isa = PBXFileReference; fileEncoding = 4; lastKnownFileType = file.xib; path = YBOriginalPhotoVC.xib; sourceTree = "<group>"; };
		D0D27D2A1B0C2ABA0021F648 /* YBPhotePickerManager.h */ = {isa = PBXFileReference; fileEncoding = 4; lastKnownFileType = sourcecode.c.h; path = YBPhotePickerManager.h; sourceTree = "<group>"; };
		D0D27D2B1B0C2ABA0021F648 /* YBPhotePickerManager.m */ = {isa = PBXFileReference; fileEncoding = 4; lastKnownFileType = sourcecode.c.objc; path = YBPhotePickerManager.m; sourceTree = "<group>"; };
		D0D27D2C1B0C2ABA0021F648 /* YBPhotoListViewController.h */ = {isa = PBXFileReference; fileEncoding = 4; lastKnownFileType = sourcecode.c.h; path = YBPhotoListViewController.h; sourceTree = "<group>"; };
		D0D27D2D1B0C2ABA0021F648 /* YBPhotoListViewController.m */ = {isa = PBXFileReference; fileEncoding = 4; lastKnownFileType = sourcecode.c.objc; path = YBPhotoListViewController.m; sourceTree = "<group>"; };
		D0D27D2E1B0C2ABA0021F648 /* YBPhotoListViewController.xib */ = {isa = PBXFileReference; fileEncoding = 4; lastKnownFileType = file.xib; path = YBPhotoListViewController.xib; sourceTree = "<group>"; };
		D0D27D2F1B0C2ABA0021F648 /* YBPhotoModel.h */ = {isa = PBXFileReference; fileEncoding = 4; lastKnownFileType = sourcecode.c.h; path = YBPhotoModel.h; sourceTree = "<group>"; };
		D0D27D301B0C2ABA0021F648 /* YBPhotoModel.m */ = {isa = PBXFileReference; fileEncoding = 4; lastKnownFileType = sourcecode.c.objc; path = YBPhotoModel.m; sourceTree = "<group>"; };
		D0D27D311B0C2ABA0021F648 /* YBPhotoOriginalCell.h */ = {isa = PBXFileReference; fileEncoding = 4; lastKnownFileType = sourcecode.c.h; path = YBPhotoOriginalCell.h; sourceTree = "<group>"; };
		D0D27D321B0C2ABA0021F648 /* YBPhotoOriginalCell.m */ = {isa = PBXFileReference; fileEncoding = 4; lastKnownFileType = sourcecode.c.objc; path = YBPhotoOriginalCell.m; sourceTree = "<group>"; };
		D0D27D331B0C2ABA0021F648 /* YBPhotoOriginalCell.xib */ = {isa = PBXFileReference; fileEncoding = 4; lastKnownFileType = file.xib; path = YBPhotoOriginalCell.xib; sourceTree = "<group>"; };
		D0D27D341B0C2ABA0021F648 /* YBPhotoThumbanilCell.h */ = {isa = PBXFileReference; fileEncoding = 4; lastKnownFileType = sourcecode.c.h; path = YBPhotoThumbanilCell.h; sourceTree = "<group>"; };
		D0D27D351B0C2ABA0021F648 /* YBPhotoThumbanilCell.m */ = {isa = PBXFileReference; fileEncoding = 4; lastKnownFileType = sourcecode.c.objc; path = YBPhotoThumbanilCell.m; sourceTree = "<group>"; };
		D0D27D361B0C2ABA0021F648 /* YBPhotoThumbanilCell.xib */ = {isa = PBXFileReference; fileEncoding = 4; lastKnownFileType = file.xib; path = YBPhotoThumbanilCell.xib; sourceTree = "<group>"; };
		D0D27D371B0C2ABA0021F648 /* YBPhotoThumbnailLayout.h */ = {isa = PBXFileReference; fileEncoding = 4; lastKnownFileType = sourcecode.c.h; path = YBPhotoThumbnailLayout.h; sourceTree = "<group>"; };
		D0D27D381B0C2ABA0021F648 /* YBPhotoThumbnailLayout.m */ = {isa = PBXFileReference; fileEncoding = 4; lastKnownFileType = sourcecode.c.objc; path = YBPhotoThumbnailLayout.m; sourceTree = "<group>"; };
		D0D27D391B0C2ABA0021F648 /* YBSeletedPotoNumberLabel.h */ = {isa = PBXFileReference; fileEncoding = 4; lastKnownFileType = sourcecode.c.h; path = YBSeletedPotoNumberLabel.h; sourceTree = "<group>"; };
		D0D27D3A1B0C2ABA0021F648 /* YBSeletedPotoNumberLabel.m */ = {isa = PBXFileReference; fileEncoding = 4; lastKnownFileType = sourcecode.c.objc; path = YBSeletedPotoNumberLabel.m; sourceTree = "<group>"; };
		D0D27D4B1B0C2B740021F648 /* icon_find_addshare.png */ = {isa = PBXFileReference; lastKnownFileType = image.png; path = icon_find_addshare.png; sourceTree = "<group>"; };
		D0D27D4C1B0C2B740021F648 /* icon_find_addshare@1.5x.png */ = {isa = PBXFileReference; lastKnownFileType = image.png; path = "icon_find_addshare@1.5x.png"; sourceTree = "<group>"; };
		D0D27D4D1B0C2B740021F648 /* icon_find_addshare@2x.png */ = {isa = PBXFileReference; lastKnownFileType = image.png; path = "icon_find_addshare@2x.png"; sourceTree = "<group>"; };
		D0D27D4E1B0C2B740021F648 /* icon_find_addshare@3x.png */ = {isa = PBXFileReference; lastKnownFileType = image.png; path = "icon_find_addshare@3x.png"; sourceTree = "<group>"; };
		D0D27D4F1B0C2B740021F648 /* icon_find_addshare_pitch.png */ = {isa = PBXFileReference; lastKnownFileType = image.png; path = icon_find_addshare_pitch.png; sourceTree = "<group>"; };
		D0D27D501B0C2B740021F648 /* icon_find_addshare_pitch@1.5x.png */ = {isa = PBXFileReference; lastKnownFileType = image.png; path = "icon_find_addshare_pitch@1.5x.png"; sourceTree = "<group>"; };
		D0D27D511B0C2B740021F648 /* icon_find_addshare_pitch@2x.png */ = {isa = PBXFileReference; lastKnownFileType = image.png; path = "icon_find_addshare_pitch@2x.png"; sourceTree = "<group>"; };
		D0D27D521B0C2B740021F648 /* icon_find_addshare_pitch@3x.png */ = {isa = PBXFileReference; lastKnownFileType = image.png; path = "icon_find_addshare_pitch@3x.png"; sourceTree = "<group>"; };
		D0E339DD1B0D81A600FFEACB /* UIView+YBImagePickerAnimation.h */ = {isa = PBXFileReference; fileEncoding = 4; lastKnownFileType = sourcecode.c.h; path = "UIView+YBImagePickerAnimation.h"; sourceTree = "<group>"; };
		D0E339DE1B0D81A600FFEACB /* UIView+YBImagePickerAnimation.m */ = {isa = PBXFileReference; fileEncoding = 4; lastKnownFileType = sourcecode.c.objc; path = "UIView+YBImagePickerAnimation.m"; sourceTree = "<group>"; };
		D0E339E01B0D847D00FFEACB /* YBSelected_imageView.h */ = {isa = PBXFileReference; fileEncoding = 4; lastKnownFileType = sourcecode.c.h; path = YBSelected_imageView.h; sourceTree = "<group>"; };
		D0E339E11B0D847D00FFEACB /* YBSelected_imageView.m */ = {isa = PBXFileReference; fileEncoding = 4; lastKnownFileType = sourcecode.c.objc; path = YBSelected_imageView.m; sourceTree = "<group>"; };
/* End PBXFileReference section */

/* Begin PBXFrameworksBuildPhase section */
		D01109431B0598EE00DAE335 /* Frameworks */ = {
			isa = PBXFrameworksBuildPhase;
			buildActionMask = 2147483647;
			files = (
			);
			runOnlyForDeploymentPostprocessing = 0;
		};
		D011095C1B0598EE00DAE335 /* Frameworks */ = {
			isa = PBXFrameworksBuildPhase;
			buildActionMask = 2147483647;
			files = (
			);
			runOnlyForDeploymentPostprocessing = 0;
		};
/* End PBXFrameworksBuildPhase section */

/* Begin PBXGroup section */
		D011093D1B0598EE00DAE335 = {
			isa = PBXGroup;
			children = (
				D01109481B0598EE00DAE335 /* YBImagePicker */,
				D01109621B0598EE00DAE335 /* YBImagePickerTests */,
				D01109471B0598EE00DAE335 /* Products */,
			);
			sourceTree = "<group>";
		};
		D01109471B0598EE00DAE335 /* Products */ = {
			isa = PBXGroup;
			children = (
				D01109461B0598EE00DAE335 /* YBImagePicker.app */,
				D011095F1B0598EE00DAE335 /* YBImagePickerTests.xctest */,
			);
			name = Products;
			sourceTree = "<group>";
		};
		D01109481B0598EE00DAE335 /* YBImagePicker */ = {
			isa = PBXGroup;
			children = (
				D0D27D201B0C2ABA0021F648 /* YBImagePicker */,
				D011094D1B0598EE00DAE335 /* AppDelegate.h */,
				D011094E1B0598EE00DAE335 /* AppDelegate.m */,
				D01109501B0598EE00DAE335 /* ViewController.h */,
				D01109511B0598EE00DAE335 /* ViewController.m */,
				D01109531B0598EE00DAE335 /* Main.storyboard */,
				D01109561B0598EE00DAE335 /* Images.xcassets */,
				D01109581B0598EE00DAE335 /* LaunchScreen.xib */,
				D01109491B0598EE00DAE335 /* Supporting Files */,
			);
			path = YBImagePicker;
			sourceTree = "<group>";
		};
		D01109491B0598EE00DAE335 /* Supporting Files */ = {
			isa = PBXGroup;
			children = (
				D011094A1B0598EE00DAE335 /* Info.plist */,
				D011094B1B0598EE00DAE335 /* main.m */,
			);
			name = "Supporting Files";
			sourceTree = "<group>";
		};
		D01109621B0598EE00DAE335 /* YBImagePickerTests */ = {
			isa = PBXGroup;
			children = (
				D01109651B0598EE00DAE335 /* YBImagePickerTests.m */,
				D01109631B0598EE00DAE335 /* Supporting Files */,
			);
			path = YBImagePickerTests;
			sourceTree = "<group>";
		};
		D01109631B0598EE00DAE335 /* Supporting Files */ = {
			isa = PBXGroup;
			children = (
				D01109641B0598EE00DAE335 /* Info.plist */,
			);
			name = "Supporting Files";
			sourceTree = "<group>";
		};
		D0D27D201B0C2ABA0021F648 /* YBImagePicker */ = {
			isa = PBXGroup;
			children = (
				D0D27D4A1B0C2B740021F648 /* YBImagePicker_image */,
				D0D27D211B0C2ABA0021F648 /* OMSingleton.h */,
				D0D27D221B0C2ABA0021F648 /* YBAlbumViewController.h */,
				D0D27D231B0C2ABA0021F648 /* YBAlbumViewController.m */,
				D0D27D241B0C2ABA0021F648 /* YBAlbumViewController.xib */,
				D0D27D251B0C2ABA0021F648 /* YBImagePickerViewController.h */,
				D0D27D261B0C2ABA0021F648 /* YBImagePickerViewController.m */,
				D0D27D271B0C2ABA0021F648 /* YBOriginalPhotoVC.h */,
				D0D27D281B0C2ABA0021F648 /* YBOriginalPhotoVC.m */,
				D0D27D291B0C2ABA0021F648 /* YBOriginalPhotoVC.xib */,
				D0D27D2A1B0C2ABA0021F648 /* YBPhotePickerManager.h */,
				D0D27D2B1B0C2ABA0021F648 /* YBPhotePickerManager.m */,
				D0D27D2C1B0C2ABA0021F648 /* YBPhotoListViewController.h */,
				D0D27D2D1B0C2ABA0021F648 /* YBPhotoListViewController.m */,
				D0D27D2E1B0C2ABA0021F648 /* YBPhotoListViewController.xib */,
				D0D27D2F1B0C2ABA0021F648 /* YBPhotoModel.h */,
				D0D27D301B0C2ABA0021F648 /* YBPhotoModel.m */,
				D0D27D311B0C2ABA0021F648 /* YBPhotoOriginalCell.h */,
				D0D27D321B0C2ABA0021F648 /* YBPhotoOriginalCell.m */,
				D0D27D331B0C2ABA0021F648 /* YBPhotoOriginalCell.xib */,
				D0D27D341B0C2ABA0021F648 /* YBPhotoThumbanilCell.h */,
				D0D27D351B0C2ABA0021F648 /* YBPhotoThumbanilCell.m */,
				D0D27D361B0C2ABA0021F648 /* YBPhotoThumbanilCell.xib */,
				D0D27D371B0C2ABA0021F648 /* YBPhotoThumbnailLayout.h */,
				D0D27D381B0C2ABA0021F648 /* YBPhotoThumbnailLayout.m */,
				D0D27D391B0C2ABA0021F648 /* YBSeletedPotoNumberLabel.h */,
				D0D27D3A1B0C2ABA0021F648 /* YBSeletedPotoNumberLabel.m */,
				D0E339DD1B0D81A600FFEACB /* UIView+YBImagePickerAnimation.h */,
				D0E339DE1B0D81A600FFEACB /* UIView+YBImagePickerAnimation.m */,
				D0E339E01B0D847D00FFEACB /* YBSelected_imageView.h */,
				D0E339E11B0D847D00FFEACB /* YBSelected_imageView.m */,
			);
			path = YBImagePicker;
			sourceTree = "<group>";
		};
		D0D27D4A1B0C2B740021F648 /* YBImagePicker_image */ = {
			isa = PBXGroup;
			children = (
				D0D27D4B1B0C2B740021F648 /* icon_find_addshare.png */,
				D0D27D4C1B0C2B740021F648 /* icon_find_addshare@1.5x.png */,
				D0D27D4D1B0C2B740021F648 /* icon_find_addshare@2x.png */,
				D0D27D4E1B0C2B740021F648 /* icon_find_addshare@3x.png */,
				D0D27D4F1B0C2B740021F648 /* icon_find_addshare_pitch.png */,
				D0D27D501B0C2B740021F648 /* icon_find_addshare_pitch@1.5x.png */,
				D0D27D511B0C2B740021F648 /* icon_find_addshare_pitch@2x.png */,
				D0D27D521B0C2B740021F648 /* icon_find_addshare_pitch@3x.png */,
			);
			path = YBImagePicker_image;
			sourceTree = "<group>";
		};
/* End PBXGroup section */

/* Begin PBXNativeTarget section */
		D01109451B0598EE00DAE335 /* YBImagePicker */ = {
			isa = PBXNativeTarget;
			buildConfigurationList = D01109691B0598EE00DAE335 /* Build configuration list for PBXNativeTarget "YBImagePicker" */;
			buildPhases = (
				D01109421B0598EE00DAE335 /* Sources */,
				D01109431B0598EE00DAE335 /* Frameworks */,
				D01109441B0598EE00DAE335 /* Resources */,
			);
			buildRules = (
			);
			dependencies = (
			);
			name = YBImagePicker;
			productName = YBImagePicker;
			productReference = D01109461B0598EE00DAE335 /* YBImagePicker.app */;
			productType = "com.apple.product-type.application";
		};
		D011095E1B0598EE00DAE335 /* YBImagePickerTests */ = {
			isa = PBXNativeTarget;
			buildConfigurationList = D011096C1B0598EE00DAE335 /* Build configuration list for PBXNativeTarget "YBImagePickerTests" */;
			buildPhases = (
				D011095B1B0598EE00DAE335 /* Sources */,
				D011095C1B0598EE00DAE335 /* Frameworks */,
				D011095D1B0598EE00DAE335 /* Resources */,
			);
			buildRules = (
			);
			dependencies = (
				D01109611B0598EE00DAE335 /* PBXTargetDependency */,
			);
			name = YBImagePickerTests;
			productName = YBImagePickerTests;
			productReference = D011095F1B0598EE00DAE335 /* YBImagePickerTests.xctest */;
			productType = "com.apple.product-type.bundle.unit-test";
		};
/* End PBXNativeTarget section */

/* Begin PBXProject section */
		D011093E1B0598EE00DAE335 /* Project object */ = {
			isa = PBXProject;
			attributes = {
				LastUpgradeCheck = 0610;
				ORGANIZATIONNAME = "macbook air";
				TargetAttributes = {
					D01109451B0598EE00DAE335 = {
						CreatedOnToolsVersion = 6.1.1;
					};
					D011095E1B0598EE00DAE335 = {
						CreatedOnToolsVersion = 6.1.1;
						TestTargetID = D01109451B0598EE00DAE335;
					};
				};
			};
			buildConfigurationList = D01109411B0598EE00DAE335 /* Build configuration list for PBXProject "YBImagePicker" */;
			compatibilityVersion = "Xcode 3.2";
			developmentRegion = English;
			hasScannedForEncodings = 0;
			knownRegions = (
				en,
				Base,
			);
			mainGroup = D011093D1B0598EE00DAE335;
			productRefGroup = D01109471B0598EE00DAE335 /* Products */;
			projectDirPath = "";
			projectRoot = "";
			targets = (
				D01109451B0598EE00DAE335 /* YBImagePicker */,
				D011095E1B0598EE00DAE335 /* YBImagePickerTests */,
			);
		};
/* End PBXProject section */

/* Begin PBXResourcesBuildPhase section */
		D01109441B0598EE00DAE335 /* Resources */ = {
			isa = PBXResourcesBuildPhase;
			buildActionMask = 2147483647;
			files = (
				D01109551B0598EE00DAE335 /* Main.storyboard in Resources */,
				D0D27D3F1B0C2ABB0021F648 /* YBOriginalPhotoVC.xib in Resources */,
				D0D27D541B0C2B740021F648 /* icon_find_addshare@1.5x.png in Resources */,
				D0D27D471B0C2ABB0021F648 /* YBPhotoThumbanilCell.xib in Resources */,
				D0D27D571B0C2B740021F648 /* icon_find_addshare_pitch.png in Resources */,
				D0D27D531B0C2B740021F648 /* icon_find_addshare.png in Resources */,
				D0D27D591B0C2B740021F648 /* icon_find_addshare_pitch@2x.png in Resources */,
				D0D27D551B0C2B740021F648 /* icon_find_addshare@2x.png in Resources */,
				D0D27D5A1B0C2B740021F648 /* icon_find_addshare_pitch@3x.png in Resources */,
				D0D27D451B0C2ABB0021F648 /* YBPhotoOriginalCell.xib in Resources */,
				D0D27D3C1B0C2ABB0021F648 /* YBAlbumViewController.xib in Resources */,
				D0D27D581B0C2B740021F648 /* icon_find_addshare_pitch@1.5x.png in Resources */,
				D011095A1B0598EE00DAE335 /* LaunchScreen.xib in Resources */,
				D0D27D421B0C2ABB0021F648 /* YBPhotoListViewController.xib in Resources */,
				D01109571B0598EE00DAE335 /* Images.xcassets in Resources */,
				D0D27D561B0C2B740021F648 /* icon_find_addshare@3x.png in Resources */,
			);
			runOnlyForDeploymentPostprocessing = 0;
		};
		D011095D1B0598EE00DAE335 /* Resources */ = {
			isa = PBXResourcesBuildPhase;
			buildActionMask = 2147483647;
			files = (
			);
			runOnlyForDeploymentPostprocessing = 0;
		};
/* End PBXResourcesBuildPhase section */

/* Begin PBXSourcesBuildPhase section */
		D01109421B0598EE00DAE335 /* Sources */ = {
			isa = PBXSourcesBuildPhase;
			buildActionMask = 2147483647;
			files = (
				D0D27D3D1B0C2ABB0021F648 /* YBImagePickerViewController.m in Sources */,
				D0D27D491B0C2ABB0021F648 /* YBSeletedPotoNumberLabel.m in Sources */,
				D01109521B0598EE00DAE335 /* ViewController.m in Sources */,
				D0D27D3B1B0C2ABA0021F648 /* YBAlbumViewController.m in Sources */,
				D0E339E21B0D847D00FFEACB /* YBSelected_imageView.m in Sources */,
				D0D27D401B0C2ABB0021F648 /* YBPhotePickerManager.m in Sources */,
				D0D27D3E1B0C2ABB0021F648 /* YBOriginalPhotoVC.m in Sources */,
				D011094F1B0598EE00DAE335 /* AppDelegate.m in Sources */,
				D0D27D411B0C2ABB0021F648 /* YBPhotoListViewController.m in Sources */,
				D0D27D431B0C2ABB0021F648 /* YBPhotoModel.m in Sources */,
				D0D27D441B0C2ABB0021F648 /* YBPhotoOriginalCell.m in Sources */,
				D011094C1B0598EE00DAE335 /* main.m in Sources */,
				D0D27D481B0C2ABB0021F648 /* YBPhotoThumbnailLayout.m in Sources */,
				D0E339DF1B0D81A600FFEACB /* UIView+YBImagePickerAnimation.m in Sources */,
				D0D27D461B0C2ABB0021F648 /* YBPhotoThumbanilCell.m in Sources */,
			);
			runOnlyForDeploymentPostprocessing = 0;
		};
		D011095B1B0598EE00DAE335 /* Sources */ = {
			isa = PBXSourcesBuildPhase;
			buildActionMask = 2147483647;
			files = (
				D01109661B0598EE00DAE335 /* YBImagePickerTests.m in Sources */,
			);
			runOnlyForDeploymentPostprocessing = 0;
		};
/* End PBXSourcesBuildPhase section */

/* Begin PBXTargetDependency section */
		D01109611B0598EE00DAE335 /* PBXTargetDependency */ = {
			isa = PBXTargetDependency;
			target = D01109451B0598EE00DAE335 /* YBImagePicker */;
			targetProxy = D01109601B0598EE00DAE335 /* PBXContainerItemProxy */;
		};
/* End PBXTargetDependency section */

/* Begin PBXVariantGroup section */
		D01109531B0598EE00DAE335 /* Main.storyboard */ = {
			isa = PBXVariantGroup;
			children = (
				D01109541B0598EE00DAE335 /* Base */,
			);
			name = Main.storyboard;
			sourceTree = "<group>";
		};
		D01109581B0598EE00DAE335 /* LaunchScreen.xib */ = {
			isa = PBXVariantGroup;
			children = (
				D01109591B0598EE00DAE335 /* Base */,
			);
			name = LaunchScreen.xib;
			sourceTree = "<group>";
		};
/* End PBXVariantGroup section */

/* Begin XCBuildConfiguration section */
		D01109671B0598EE00DAE335 /* Debug */ = {
			isa = XCBuildConfiguration;
			buildSettings = {
				ALWAYS_SEARCH_USER_PATHS = NO;
				CLANG_CXX_LANGUAGE_STANDARD = "gnu++0x";
				CLANG_CXX_LIBRARY = "libc++";
				CLANG_ENABLE_MODULES = YES;
				CLANG_ENABLE_OBJC_ARC = YES;
				CLANG_WARN_BOOL_CONVERSION = YES;
				CLANG_WARN_CONSTANT_CONVERSION = YES;
				CLANG_WARN_DIRECT_OBJC_ISA_USAGE = YES_ERROR;
				CLANG_WARN_EMPTY_BODY = YES;
				CLANG_WARN_ENUM_CONVERSION = YES;
				CLANG_WARN_INT_CONVERSION = YES;
				CLANG_WARN_OBJC_ROOT_CLASS = YES_ERROR;
				CLANG_WARN_UNREACHABLE_CODE = YES;
				CLANG_WARN__DUPLICATE_METHOD_MATCH = YES;
				"CODE_SIGN_IDENTITY[sdk=iphoneos*]" = "iPhone Developer";
				COPY_PHASE_STRIP = NO;
				ENABLE_STRICT_OBJC_MSGSEND = YES;
				GCC_C_LANGUAGE_STANDARD = gnu99;
				GCC_DYNAMIC_NO_PIC = NO;
				GCC_OPTIMIZATION_LEVEL = 0;
				GCC_PREPROCESSOR_DEFINITIONS = (
					"DEBUG=1",
					"$(inherited)",
				);
				GCC_SYMBOLS_PRIVATE_EXTERN = NO;
				GCC_WARN_64_TO_32_BIT_CONVERSION = YES;
				GCC_WARN_ABOUT_RETURN_TYPE = YES_ERROR;
				GCC_WARN_UNDECLARED_SELECTOR = YES;
				GCC_WARN_UNINITIALIZED_AUTOS = YES_AGGRESSIVE;
				GCC_WARN_UNUSED_FUNCTION = YES;
				GCC_WARN_UNUSED_VARIABLE = YES;
				IPHONEOS_DEPLOYMENT_TARGET = 8.1;
				MTL_ENABLE_DEBUG_INFO = YES;
				ONLY_ACTIVE_ARCH = YES;
				SDKROOT = iphoneos;
			};
			name = Debug;
		};
		D01109681B0598EE00DAE335 /* Release */ = {
			isa = XCBuildConfiguration;
			buildSettings = {
				ALWAYS_SEARCH_USER_PATHS = NO;
				CLANG_CXX_LANGUAGE_STANDARD = "gnu++0x";
				CLANG_CXX_LIBRARY = "libc++";
				CLANG_ENABLE_MODULES = YES;
				CLANG_ENABLE_OBJC_ARC = YES;
				CLANG_WARN_BOOL_CONVERSION = YES;
				CLANG_WARN_CONSTANT_CONVERSION = YES;
				CLANG_WARN_DIRECT_OBJC_ISA_USAGE = YES_ERROR;
				CLANG_WARN_EMPTY_BODY = YES;
				CLANG_WARN_ENUM_CONVERSION = YES;
				CLANG_WARN_INT_CONVERSION = YES;
				CLANG_WARN_OBJC_ROOT_CLASS = YES_ERROR;
				CLANG_WARN_UNREACHABLE_CODE = YES;
				CLANG_WARN__DUPLICATE_METHOD_MATCH = YES;
				"CODE_SIGN_IDENTITY[sdk=iphoneos*]" = "iPhone Developer";
				COPY_PHASE_STRIP = YES;
				ENABLE_NS_ASSERTIONS = NO;
				ENABLE_STRICT_OBJC_MSGSEND = YES;
				GCC_C_LANGUAGE_STANDARD = gnu99;
				GCC_WARN_64_TO_32_BIT_CONVERSION = YES;
				GCC_WARN_ABOUT_RETURN_TYPE = YES_ERROR;
				GCC_WARN_UNDECLARED_SELECTOR = YES;
				GCC_WARN_UNINITIALIZED_AUTOS = YES_AGGRESSIVE;
				GCC_WARN_UNUSED_FUNCTION = YES;
				GCC_WARN_UNUSED_VARIABLE = YES;
				IPHONEOS_DEPLOYMENT_TARGET = 8.1;
				MTL_ENABLE_DEBUG_INFO = NO;
				SDKROOT = iphoneos;
				VALIDATE_PRODUCT = YES;
			};
			name = Release;
		};
		D011096A1B0598EE00DAE335 /* Debug */ = {
			isa = XCBuildConfiguration;
			buildSettings = {
				ASSETCATALOG_COMPILER_APPICON_NAME = AppIcon;
				CODE_SIGN_IDENTITY = "iPhone Distribution: yang bin (JF5XG2S7BZ)";
				INFOPLIST_FILE = YBImagePicker/Info.plist;
				LD_RUNPATH_SEARCH_PATHS = "$(inherited) @executable_path/Frameworks";
				PRODUCT_NAME = "$(TARGET_NAME)";
				PROVISIONING_PROFILE = "f2b5af89-a91f-44f6-bb6a-6548a3f75e32";
			};
			name = Debug;
		};
		D011096B1B0598EE00DAE335 /* Release */ = {
			isa = XCBuildConfiguration;
			buildSettings = {
				ASSETCATALOG_COMPILER_APPICON_NAME = AppIcon;
				CODE_SIGN_IDENTITY = "iPhone Distribution: yang bin (JF5XG2S7BZ)";
				INFOPLIST_FILE = YBImagePicker/Info.plist;
				LD_RUNPATH_SEARCH_PATHS = "$(inherited) @executable_path/Frameworks";
				PRODUCT_NAME = "$(TARGET_NAME)";
				PROVISIONING_PROFILE = "f2b5af89-a91f-44f6-bb6a-6548a3f75e32";
			};
			name = Release;
		};
		D011096D1B0598EE00DAE335 /* Debug */ = {
			isa = XCBuildConfiguration;
			buildSettings = {
				BUNDLE_LOADER = "$(TEST_HOST)";
				FRAMEWORK_SEARCH_PATHS = (
					"$(SDKROOT)/Developer/Library/Frameworks",
					"$(inherited)",
				);
				GCC_PREPROCESSOR_DEFINITIONS = (
					"DEBUG=1",
					"$(inherited)",
				);
				INFOPLIST_FILE = YBImagePickerTests/Info.plist;
				LD_RUNPATH_SEARCH_PATHS = "$(inherited) @executable_path/Frameworks @loader_path/Frameworks";
				PRODUCT_NAME = "$(TARGET_NAME)";
				TEST_HOST = "$(BUILT_PRODUCTS_DIR)/YBImagePicker.app/YBImagePicker";
			};
			name = Debug;
		};
		D011096E1B0598EE00DAE335 /* Release */ = {
			isa = XCBuildConfiguration;
			buildSettings = {
				BUNDLE_LOADER = "$(TEST_HOST)";
				FRAMEWORK_SEARCH_PATHS = (
					"$(SDKROOT)/Developer/Library/Frameworks",
					"$(inherited)",
				);
				INFOPLIST_FILE = YBImagePickerTests/Info.plist;
				LD_RUNPATH_SEARCH_PATHS = "$(inherited) @executable_path/Frameworks @loader_path/Frameworks";
				PRODUCT_NAME = "$(TARGET_NAME)";
				TEST_HOST = "$(BUILT_PRODUCTS_DIR)/YBImagePicker.app/YBImagePicker";
			};
			name = Release;
		};
/* End XCBuildConfiguration section */

/* Begin XCConfigurationList section */
		D01109411B0598EE00DAE335 /* Build configuration list for PBXProject "YBImagePicker" */ = {
			isa = XCConfigurationList;
			buildConfigurations = (
				D01109671B0598EE00DAE335 /* Debug */,
				D01109681B0598EE00DAE335 /* Release */,
			);
			defaultConfigurationIsVisible = 0;
			defaultConfigurationName = Release;
		};
		D01109691B0598EE00DAE335 /* Build configuration list for PBXNativeTarget "YBImagePicker" */ = {
			isa = XCConfigurationList;
			buildConfigurations = (
				D011096A1B0598EE00DAE335 /* Debug */,
				D011096B1B0598EE00DAE335 /* Release */,
			);
			defaultConfigurationIsVisible = 0;
			defaultConfigurationName = Release;
		};
		D011096C1B0598EE00DAE335 /* Build configuration list for PBXNativeTarget "YBImagePickerTests" */ = {
			isa = XCConfigurationList;
			buildConfigurations = (
				D011096D1B0598EE00DAE335 /* Debug */,
				D011096E1B0598EE00DAE335 /* Release */,
			);
			defaultConfigurationIsVisible = 0;
			defaultConfigurationName = Release;
		};
/* End XCConfigurationList section */
	};
	rootObject = D011093E1B0598EE00DAE335 /* Project object */;
}
